
Microsoft Visual Studio Solution File, Format Version 12.00
# Visual Studio 2013
VisualStudioVersion = 12.0.21005.1
MinimumVisualStudioVersion = 10.0.40219.1
Project("{FAE04EC0-301F-11D3-BF4B-00C04F79EFBC}") = "Library.BuilderPattern", "Library.BuilderPattern.csproj", "{802214DC-D835-490C-85B8-1067AB012ACC}"
EndProject
Project("{FAE04EC0-301F-11D3-BF4B-00C04F79EFBC}") = "UnitTest.BuilderPattern", "..\UnitTest.BuilderPattern\UnitTest.BuilderPattern.csproj", "{C11DC350-0AEC-4348-82F7-409B01B7BFF4}"
EndProject
Global
	GlobalSection(SolutionConfigurationPlatforms) = preSolution
		Debug|Any CPU = Debug|Any CPU
		Release|Any CPU = Release|Any CPU
	EndGlobalSection
	GlobalSection(ProjectConfigurationPlatforms) = postSolution
		{802214DC-D835-490C-85B8-1067AB012ACC}.Debug|Any CPU.ActiveCfg = Debug|Any CPU
		{802214DC-D835-490C-85B8-1067AB012ACC}.Debug|Any CPU.Build.0 = Debug|Any CPU
		{802214DC-D835-490C-85B8-1067AB012ACC}.Release|Any CPU.ActiveCfg = Release|Any CPU
		{802214DC-D835-490C-85B8-1067AB012ACC}.Release|Any CPU.Build.0 = Release|Any CPU
		{C11DC350-0AEC-4348-82F7-409B01B7BFF4}.Debug|Any CPU.ActiveCfg = Debug|Any CPU
		{C11DC350-0AEC-4348-82F7-409B01B7BFF4}.Debug|Any CPU.Build.0 = Debug|Any CPU
		{C11DC350-0AEC-4348-82F7-409B01B7BFF4}.Release|Any CPU.ActiveCfg = Release|Any CPU
		{C11DC350-0AEC-4348-82F7-409B01B7BFF4}.Release|Any CPU.Build.0 = Release|Any CPU
	EndGlobalSection
	GlobalSection(SolutionProperties) = preSolution
		HideSolutionNode = FALSE
	EndGlobalSection
EndGlobal
