
Microsoft Visual Studio Solution File, Format Version 12.00
# Visual Studio 2012
Project("{FAE04EC0-301F-11D3-BF4B-00C04F79EFBC}") = "Library.VisitorPattern", "Library.VisitorPattern.csproj", "{2B149EEC-B864-4554-9A78-6E5FF20F1241}"
EndProject
Project("{FAE04EC0-301F-11D3-BF4B-00C04F79EFBC}") = "UnitTest.VisitorPattern", "..\UnitTest.VisitorPattern\UnitTest.VisitorPattern.csproj", "{80A88432-2456-4F28-A684-EC6EAA4FCCA0}"
EndProject
Global
	GlobalSection(SolutionConfigurationPlatforms) = preSolution
		Debug|Any CPU = Debug|Any CPU
		Release|Any CPU = Release|Any CPU
	EndGlobalSection
	GlobalSection(ProjectConfigurationPlatforms) = postSolution
		{2B149EEC-B864-4554-9A78-6E5FF20F1241}.Debug|Any CPU.ActiveCfg = Debug|Any CPU
		{2B149EEC-B864-4554-9A78-6E5FF20F1241}.Debug|Any CPU.Build.0 = Debug|Any CPU
		{2B149EEC-B864-4554-9A78-6E5FF20F1241}.Release|Any CPU.ActiveCfg = Release|Any CPU
		{2B149EEC-B864-4554-9A78-6E5FF20F1241}.Release|Any CPU.Build.0 = Release|Any CPU
		{80A88432-2456-4F28-A684-EC6EAA4FCCA0}.Debug|Any CPU.ActiveCfg = Debug|Any CPU
		{80A88432-2456-4F28-A684-EC6EAA4FCCA0}.Debug|Any CPU.Build.0 = Debug|Any CPU
		{80A88432-2456-4F28-A684-EC6EAA4FCCA0}.Release|Any CPU.ActiveCfg = Release|Any CPU
		{80A88432-2456-4F28-A684-EC6EAA4FCCA0}.Release|Any CPU.Build.0 = Release|Any CPU
	EndGlobalSection
	GlobalSection(SolutionProperties) = preSolution
		HideSolutionNode = FALSE
	EndGlobalSection
EndGlobal
